// !$*UTF8*$!
{
	archiveVersion = 1;
	classes = {
	};
	objectVersion = 50;
	objects = {

/* Begin PBXBuildFile section */
		8614867826A62B8600512DB9 /* ExtensionInt.swift in Sources */ = {isa = PBXBuildFile; fileRef = 8614867726A62B8600512DB9 /* ExtensionInt.swift */; };
		8621AF6826A79A6C004882ED /* ExtensionUIImage.swift in Sources */ = {isa = PBXBuildFile; fileRef = 8621AF6726A79A6C004882ED /* ExtensionUIImage.swift */; };
		867E49DB26A2953E00EA02FA /* MarvelManager.swift in Sources */ = {isa = PBXBuildFile; fileRef = 867E49DA26A2953E00EA02FA /* MarvelManager.swift */; };
		867E49DD26A2B8EA00EA02FA /* Reachability.swift in Sources */ = {isa = PBXBuildFile; fileRef = 867E49DC26A2B8EA00EA02FA /* Reachability.swift */; };
		867E49E026A2BDCF00EA02FA /* MarvelCache.swift in Sources */ = {isa = PBXBuildFile; fileRef = 867E49DF26A2BDCF00EA02FA /* MarvelCache.swift */; };
		867E49E226A2E37700EA02FA /* CharacterSample.json in Resources */ = {isa = PBXBuildFile; fileRef = 867E49E126A2E37700EA02FA /* CharacterSample.json */; };
		867E49E626A5272600EA02FA /* CharactersTable.swift in Sources */ = {isa = PBXBuildFile; fileRef = 867E49E526A5272600EA02FA /* CharactersTable.swift */; };
		867E49E826A5277000EA02FA /* CharacterDetails.swift in Sources */ = {isa = PBXBuildFile; fileRef = 867E49E726A5277000EA02FA /* CharacterDetails.swift */; };
		868D135826A207BB00E9E5D0 /* AppDelegate.swift in Sources */ = {isa = PBXBuildFile; fileRef = 868D135726A207BB00E9E5D0 /* AppDelegate.swift */; };
		868D135A26A207BB00E9E5D0 /* SceneDelegate.swift in Sources */ = {isa = PBXBuildFile; fileRef = 868D135926A207BB00E9E5D0 /* SceneDelegate.swift */; };
		868D135F26A207BB00E9E5D0 /* Main.storyboard in Resources */ = {isa = PBXBuildFile; fileRef = 868D135D26A207BB00E9E5D0 /* Main.storyboard */; };
		868D136226A207BB00E9E5D0 /* Marvel.xcdatamodeld in Sources */ = {isa = PBXBuildFile; fileRef = 868D136026A207BB00E9E5D0 /* Marvel.xcdatamodeld */; };
		868D136426A207BE00E9E5D0 /* Assets.xcassets in Resources */ = {isa = PBXBuildFile; fileRef = 868D136326A207BE00E9E5D0 /* Assets.xcassets */; };
		868D136726A207BE00E9E5D0 /* LaunchScreen.storyboard in Resources */ = {isa = PBXBuildFile; fileRef = 868D136526A207BE00E9E5D0 /* LaunchScreen.storyboard */; };
		868D137826A2094800E9E5D0 /* MCETests.swift in Sources */ = {isa = PBXBuildFile; fileRef = 868D137726A2094800E9E5D0 /* MCETests.swift */; };
		868D138126A2578300E9E5D0 /* MarvelResponse.swift in Sources */ = {isa = PBXBuildFile; fileRef = 868D138026A2578300E9E5D0 /* MarvelResponse.swift */; };
		868D138326A25D8A00E9E5D0 /* Keys.plist in Resources */ = {isa = PBXBuildFile; fileRef = 868D138226A25D8A00E9E5D0 /* Keys.plist */; };
		868D138526A25DE700E9E5D0 /* MarvelRequest.swift in Sources */ = {isa = PBXBuildFile; fileRef = 868D138426A25DE700E9E5D0 /* MarvelRequest.swift */; };
/* End PBXBuildFile section */

/* Begin PBXContainerItemProxy section */
		868D137A26A2094800E9E5D0 /* PBXContainerItemProxy */ = {
			isa = PBXContainerItemProxy;
			containerPortal = 868D134C26A207BB00E9E5D0 /* Project object */;
			proxyType = 1;
			remoteGlobalIDString = 868D135326A207BB00E9E5D0;
			remoteInfo = MarvelCodingExercise;
		};
/* End PBXContainerItemProxy section */

/* Begin PBXFileReference section */
		8614867726A62B8600512DB9 /* ExtensionInt.swift */ = {isa = PBXFileReference; lastKnownFileType = sourcecode.swift; path = ExtensionInt.swift; sourceTree = "<group>"; };
		8621AF6726A79A6C004882ED /* ExtensionUIImage.swift */ = {isa = PBXFileReference; lastKnownFileType = sourcecode.swift; path = ExtensionUIImage.swift; sourceTree = "<group>"; };
		867E49DA26A2953E00EA02FA /* MarvelManager.swift */ = {isa = PBXFileReference; lastKnownFileType = sourcecode.swift; path = MarvelManager.swift; sourceTree = "<group>"; };
		867E49DC26A2B8EA00EA02FA /* Reachability.swift */ = {isa = PBXFileReference; lastKnownFileType = sourcecode.swift; path = Reachability.swift; sourceTree = "<group>"; };
		867E49DF26A2BDCF00EA02FA /* MarvelCache.swift */ = {isa = PBXFileReference; lastKnownFileType = sourcecode.swift; path = MarvelCache.swift; sourceTree = "<group>"; };
		867E49E126A2E37700EA02FA /* CharacterSample.json */ = {isa = PBXFileReference; fileEncoding = 4; lastKnownFileType = text.json; path = CharacterSample.json; sourceTree = "<group>"; };
		867E49E526A5272600EA02FA /* CharactersTable.swift */ = {isa = PBXFileReference; lastKnownFileType = sourcecode.swift; path = CharactersTable.swift; sourceTree = "<group>"; };
		867E49E726A5277000EA02FA /* CharacterDetails.swift */ = {isa = PBXFileReference; lastKnownFileType = sourcecode.swift; path = CharacterDetails.swift; sourceTree = "<group>"; };
		868D135426A207BB00E9E5D0 /* MarvelCodingExercise.app */ = {isa = PBXFileReference; explicitFileType = wrapper.application; includeInIndex = 0; path = MarvelCodingExercise.app; sourceTree = BUILT_PRODUCTS_DIR; };
		868D135726A207BB00E9E5D0 /* AppDelegate.swift */ = {isa = PBXFileReference; lastKnownFileType = sourcecode.swift; path = AppDelegate.swift; sourceTree = "<group>"; };
		868D135926A207BB00E9E5D0 /* SceneDelegate.swift */ = {isa = PBXFileReference; lastKnownFileType = sourcecode.swift; path = SceneDelegate.swift; sourceTree = "<group>"; };
		868D135E26A207BB00E9E5D0 /* Base */ = {isa = PBXFileReference; lastKnownFileType = file.storyboard; name = Base; path = Base.lproj/Main.storyboard; sourceTree = "<group>"; };
		868D136126A207BB00E9E5D0 /* MarvelCodingExercise.xcdatamodel */ = {isa = PBXFileReference; lastKnownFileType = wrapper.xcdatamodel; path = MarvelCodingExercise.xcdatamodel; sourceTree = "<group>"; };
		868D136326A207BE00E9E5D0 /* Assets.xcassets */ = {isa = PBXFileReference; lastKnownFileType = folder.assetcatalog; path = Assets.xcassets; sourceTree = "<group>"; };
		868D136626A207BE00E9E5D0 /* Base */ = {isa = PBXFileReference; lastKnownFileType = file.storyboard; name = Base; path = Base.lproj/LaunchScreen.storyboard; sourceTree = "<group>"; };
		868D136826A207BE00E9E5D0 /* Info.plist */ = {isa = PBXFileReference; lastKnownFileType = text.plist.xml; path = Info.plist; sourceTree = "<group>"; };
		868D137526A2094800E9E5D0 /* MCETests.xctest */ = {isa = PBXFileReference; explicitFileType = wrapper.cfbundle; includeInIndex = 0; path = MCETests.xctest; sourceTree = BUILT_PRODUCTS_DIR; };
		868D137726A2094800E9E5D0 /* MCETests.swift */ = {isa = PBXFileReference; lastKnownFileType = sourcecode.swift; path = MCETests.swift; sourceTree = "<group>"; };
		868D137926A2094800E9E5D0 /* Info.plist */ = {isa = PBXFileReference; lastKnownFileType = text.plist.xml; path = Info.plist; sourceTree = "<group>"; };
		868D138026A2578300E9E5D0 /* MarvelResponse.swift */ = {isa = PBXFileReference; lastKnownFileType = sourcecode.swift; path = MarvelResponse.swift; sourceTree = "<group>"; };
		868D138226A25D8A00E9E5D0 /* Keys.plist */ = {isa = PBXFileReference; fileEncoding = 4; lastKnownFileType = text.plist.xml; path = Keys.plist; sourceTree = "<group>"; };
		868D138426A25DE700E9E5D0 /* MarvelRequest.swift */ = {isa = PBXFileReference; lastKnownFileType = sourcecode.swift; path = MarvelRequest.swift; sourceTree = "<group>"; };
/* End PBXFileReference section */

/* Begin PBXFrameworksBuildPhase section */
		868D135126A207BB00E9E5D0 /* Frameworks */ = {
			isa = PBXFrameworksBuildPhase;
			buildActionMask = 2147483647;
			files = (
			);
			runOnlyForDeploymentPostprocessing = 0;
		};
		868D137226A2094800E9E5D0 /* Frameworks */ = {
			isa = PBXFrameworksBuildPhase;
			buildActionMask = 2147483647;
			files = (
			);
			runOnlyForDeploymentPostprocessing = 0;
		};
/* End PBXFrameworksBuildPhase section */

/* Begin PBXGroup section */
		867E49DE26A2B8EF00EA02FA /* Utility */ = {
			isa = PBXGroup;
			children = (
				8614867726A62B8600512DB9 /* ExtensionInt.swift */,
				8621AF6726A79A6C004882ED /* ExtensionUIImage.swift */,
			);
			path = Utility;
			sourceTree = "<group>";
		};
		867E49E326A39E0800EA02FA /* OnDisk */ = {
			isa = PBXGroup;
			children = (
				867E49E126A2E37700EA02FA /* CharacterSample.json */,
				868D136026A207BB00E9E5D0 /* Marvel.xcdatamodeld */,
				867E49DF26A2BDCF00EA02FA /* MarvelCache.swift */,
			);
			path = OnDisk;
			sourceTree = "<group>";
		};
		867E49E426A39E1700EA02FA /* OnDemand */ = {
			isa = PBXGroup;
			children = (
				868D138426A25DE700E9E5D0 /* MarvelRequest.swift */,
				868D138026A2578300E9E5D0 /* MarvelResponse.swift */,
			);
			path = OnDemand;
			sourceTree = "<group>";
		};
		868D134B26A207BB00E9E5D0 = {
			isa = PBXGroup;
			children = (
				868D135626A207BB00E9E5D0 /* MarvelCodingExercise */,
				868D137626A2094800E9E5D0 /* MCETests */,
				868D135526A207BB00E9E5D0 /* Products */,
			);
			sourceTree = "<group>";
		};
		868D135526A207BB00E9E5D0 /* Products */ = {
			isa = PBXGroup;
			children = (
				868D135426A207BB00E9E5D0 /* MarvelCodingExercise.app */,
				868D137526A2094800E9E5D0 /* MCETests.xctest */,
			);
			name = Products;
			sourceTree = "<group>";
		};
		868D135626A207BB00E9E5D0 /* MarvelCodingExercise */ = {
			isa = PBXGroup;
			children = (
				868D135726A207BB00E9E5D0 /* AppDelegate.swift */,
				868D135926A207BB00E9E5D0 /* SceneDelegate.swift */,
				868D137026A208B900E9E5D0 /* Model */,
				868D136E26A2088600E9E5D0 /* View */,
				868D136F26A208B000E9E5D0 /* Controller */,
				867E49DE26A2B8EF00EA02FA /* Utility */,
				868D136326A207BE00E9E5D0 /* Assets.xcassets */,
				868D136826A207BE00E9E5D0 /* Info.plist */,
				868D138226A25D8A00E9E5D0 /* Keys.plist */,
			);
			path = MarvelCodingExercise;
			sourceTree = "<group>";
		};
		868D136E26A2088600E9E5D0 /* View */ = {
			isa = PBXGroup;
			children = (
				868D136526A207BE00E9E5D0 /* LaunchScreen.storyboard */,
				868D135D26A207BB00E9E5D0 /* Main.storyboard */,
			);
			path = View;
			sourceTree = "<group>";
		};
		868D136F26A208B000E9E5D0 /* Controller */ = {
			isa = PBXGroup;
			children = (
				867E49E526A5272600EA02FA /* CharactersTable.swift */,
				867E49E726A5277000EA02FA /* CharacterDetails.swift */,
			);
			path = Controller;
			sourceTree = "<group>";
		};
		868D137026A208B900E9E5D0 /* Model */ = {
			isa = PBXGroup;
			children = (
				867E49DA26A2953E00EA02FA /* MarvelManager.swift */,
				867E49DC26A2B8EA00EA02FA /* Reachability.swift */,
				867E49E326A39E0800EA02FA /* OnDisk */,
				867E49E426A39E1700EA02FA /* OnDemand */,
			);
			path = Model;
			sourceTree = "<group>";
		};
		868D137626A2094800E9E5D0 /* MCETests */ = {
			isa = PBXGroup;
			children = (
				868D137726A2094800E9E5D0 /* MCETests.swift */,
				868D137926A2094800E9E5D0 /* Info.plist */,
			);
			path = MCETests;
			sourceTree = "<group>";
		};
/* End PBXGroup section */

/* Begin PBXNativeTarget section */
		868D135326A207BB00E9E5D0 /* MarvelCodingExercise */ = {
			isa = PBXNativeTarget;
			buildConfigurationList = 868D136B26A207BE00E9E5D0 /* Build configuration list for PBXNativeTarget "MarvelCodingExercise" */;
			buildPhases = (
				868D135026A207BB00E9E5D0 /* Sources */,
				868D135126A207BB00E9E5D0 /* Frameworks */,
				868D135226A207BB00E9E5D0 /* Resources */,
				868D137F26A24D4D00E9E5D0 /* Generate Keys.plist from template */,
			);
			buildRules = (
			);
			dependencies = (
			);
			name = MarvelCodingExercise;
			productName = MarvelCodingExercise;
			productReference = 868D135426A207BB00E9E5D0 /* MarvelCodingExercise.app */;
			productType = "com.apple.product-type.application";
		};
		868D137426A2094800E9E5D0 /* MCETests */ = {
			isa = PBXNativeTarget;
			buildConfigurationList = 868D137C26A2094800E9E5D0 /* Build configuration list for PBXNativeTarget "MCETests" */;
			buildPhases = (
				868D137126A2094800E9E5D0 /* Sources */,
				868D137226A2094800E9E5D0 /* Frameworks */,
				868D137326A2094800E9E5D0 /* Resources */,
			);
			buildRules = (
			);
			dependencies = (
				868D137B26A2094800E9E5D0 /* PBXTargetDependency */,
			);
			name = MCETests;
			productName = MCETests;
			productReference = 868D137526A2094800E9E5D0 /* MCETests.xctest */;
			productType = "com.apple.product-type.bundle.unit-test";
		};
/* End PBXNativeTarget section */

/* Begin PBXProject section */
		868D134C26A207BB00E9E5D0 /* Project object */ = {
			isa = PBXProject;
			attributes = {
				LastSwiftUpdateCheck = 1250;
				LastUpgradeCheck = 1250;
				TargetAttributes = {
					868D135326A207BB00E9E5D0 = {
						CreatedOnToolsVersion = 12.5;
					};
					868D137426A2094800E9E5D0 = {
						CreatedOnToolsVersion = 12.5;
						TestTargetID = 868D135326A207BB00E9E5D0;
					};
				};
			};
			buildConfigurationList = 868D134F26A207BB00E9E5D0 /* Build configuration list for PBXProject "MarvelCodingExercise" */;
			compatibilityVersion = "Xcode 9.3";
			developmentRegion = en;
			hasScannedForEncodings = 0;
			knownRegions = (
				en,
				Base,
			);
			mainGroup = 868D134B26A207BB00E9E5D0;
			productRefGroup = 868D135526A207BB00E9E5D0 /* Products */;
			projectDirPath = "";
			projectRoot = "";
			targets = (
				868D135326A207BB00E9E5D0 /* MarvelCodingExercise */,
				868D137426A2094800E9E5D0 /* MCETests */,
			);
		};
/* End PBXProject section */

/* Begin PBXResourcesBuildPhase section */
		868D135226A207BB00E9E5D0 /* Resources */ = {
			isa = PBXResourcesBuildPhase;
			buildActionMask = 2147483647;
			files = (
				868D138326A25D8A00E9E5D0 /* Keys.plist in Resources */,
				868D136726A207BE00E9E5D0 /* LaunchScreen.storyboard in Resources */,
				868D136426A207BE00E9E5D0 /* Assets.xcassets in Resources */,
				867E49E226A2E37700EA02FA /* CharacterSample.json in Resources */,
				868D135F26A207BB00E9E5D0 /* Main.storyboard in Resources */,
			);
			runOnlyForDeploymentPostprocessing = 0;
		};
		868D137326A2094800E9E5D0 /* Resources */ = {
			isa = PBXResourcesBuildPhase;
			buildActionMask = 2147483647;
			files = (
			);
			runOnlyForDeploymentPostprocessing = 0;
		};
/* End PBXResourcesBuildPhase section */

/* Begin PBXShellScriptBuildPhase section */
		868D137F26A24D4D00E9E5D0 /* Generate Keys.plist from template */ = {
			isa = PBXShellScriptBuildPhase;
			buildActionMask = 2147483647;
			files = (
			);
			inputFileListPaths = (
			);
			inputPaths = (
			);
			name = "Generate Keys.plist from template";
			outputFileListPaths = (
			);
			outputPaths = (
			);
			runOnlyForDeploymentPostprocessing = 0;
			shellPath = /bin/sh;
			shellScript = "CONFIG_FILE_BASE_NAME=\"Keys\"\n\nCONFIG_FILE_NAME=${CONFIG_FILE_BASE_NAME}.plist\nSAMPLE_CONFIG_FILE_NAME=${CONFIG_FILE_BASE_NAME}-Template.plist\n\nCONFIG_FILE_PATH=$SRCROOT/$PRODUCT_NAME/$CONFIG_FILE_NAME\nSAMPLE_CONFIG_FILE_PATH=$SRCROOT/$PRODUCT_NAME/$SAMPLE_CONFIG_FILE_NAME\n\nif [ -f \"$CONFIG_FILE_PATH\" ]; then\n  echo \"$CONFIG_FILE_PATH exists.\"\nelse\n  echo \"$CONFIG_FILE_PATH does not exist, copying template\"\n  cp -v \"${SAMPLE_CONFIG_FILE_PATH}\" \"${CONFIG_FILE_PATH}\"\nfi\n";
		};
/* End PBXShellScriptBuildPhase section */

/* Begin PBXSourcesBuildPhase section */
		868D135026A207BB00E9E5D0 /* Sources */ = {
			isa = PBXSourcesBuildPhase;
			buildActionMask = 2147483647;
			files = (
				867E49E626A5272600EA02FA /* CharactersTable.swift in Sources */,
				868D136226A207BB00E9E5D0 /* Marvel.xcdatamodeld in Sources */,
				867E49E826A5277000EA02FA /* CharacterDetails.swift in Sources */,
				8621AF6826A79A6C004882ED /* ExtensionUIImage.swift in Sources */,
				867E49E026A2BDCF00EA02FA /* MarvelCache.swift in Sources */,
				8614867826A62B8600512DB9 /* ExtensionInt.swift in Sources */,
				868D138526A25DE700E9E5D0 /* MarvelRequest.swift in Sources */,
				868D135826A207BB00E9E5D0 /* AppDelegate.swift in Sources */,
				867E49DB26A2953E00EA02FA /* MarvelManager.swift in Sources */,
				868D138126A2578300E9E5D0 /* MarvelResponse.swift in Sources */,
				867E49DD26A2B8EA00EA02FA /* Reachability.swift in Sources */,
				868D135A26A207BB00E9E5D0 /* SceneDelegate.swift in Sources */,
			);
			runOnlyForDeploymentPostprocessing = 0;
		};
		868D137126A2094800E9E5D0 /* Sources */ = {
			isa = PBXSourcesBuildPhase;
			buildActionMask = 2147483647;
			files = (
				868D137826A2094800E9E5D0 /* MCETests.swift in Sources */,
			);
			runOnlyForDeploymentPostprocessing = 0;
		};
/* End PBXSourcesBuildPhase section */

/* Begin PBXTargetDependency section */
		868D137B26A2094800E9E5D0 /* PBXTargetDependency */ = {
			isa = PBXTargetDependency;
			target = 868D135326A207BB00E9E5D0 /* MarvelCodingExercise */;
			targetProxy = 868D137A26A2094800E9E5D0 /* PBXContainerItemProxy */;
		};
/* End PBXTargetDependency section */

/* Begin PBXVariantGroup section */
		868D135D26A207BB00E9E5D0 /* Main.storyboard */ = {
			isa = PBXVariantGroup;
			children = (
				868D135E26A207BB00E9E5D0 /* Base */,
			);
			name = Main.storyboard;
			sourceTree = "<group>";
		};
		868D136526A207BE00E9E5D0 /* LaunchScreen.storyboard */ = {
			isa = PBXVariantGroup;
			children = (
				868D136626A207BE00E9E5D0 /* Base */,
			);
			name = LaunchScreen.storyboard;
			sourceTree = "<group>";
		};
/* End PBXVariantGroup section */

/* Begin XCBuildConfiguration section */
		868D136926A207BE00E9E5D0 /* Debug */ = {
			isa = XCBuildConfiguration;
			buildSettings = {
				ALWAYS_SEARCH_USER_PATHS = NO;
				CLANG_ANALYZER_NONNULL = YES;
				CLANG_ANALYZER_NUMBER_OBJECT_CONVERSION = YES_AGGRESSIVE;
				CLANG_CXX_LANGUAGE_STANDARD = "gnu++14";
				CLANG_CXX_LIBRARY = "libc++";
				CLANG_ENABLE_MODULES = YES;
				CLANG_ENABLE_OBJC_ARC = YES;
				CLANG_ENABLE_OBJC_WEAK = YES;
				CLANG_WARN_BLOCK_CAPTURE_AUTORELEASING = YES;
				CLANG_WARN_BOOL_CONVERSION = YES;
				CLANG_WARN_COMMA = YES;
				CLANG_WARN_CONSTANT_CONVERSION = YES;
				CLANG_WARN_DEPRECATED_OBJC_IMPLEMENTATIONS = YES;
				CLANG_WARN_DIRECT_OBJC_ISA_USAGE = YES_ERROR;
				CLANG_WARN_DOCUMENTATION_COMMENTS = YES;
				CLANG_WARN_EMPTY_BODY = YES;
				CLANG_WARN_ENUM_CONVERSION = YES;
				CLANG_WARN_INFINITE_RECURSION = YES;
				CLANG_WARN_INT_CONVERSION = YES;
				CLANG_WARN_NON_LITERAL_NULL_CONVERSION = YES;
				CLANG_WARN_OBJC_IMPLICIT_RETAIN_SELF = YES;
				CLANG_WARN_OBJC_LITERAL_CONVERSION = YES;
				CLANG_WARN_OBJC_ROOT_CLASS = YES_ERROR;
				CLANG_WARN_QUOTED_INCLUDE_IN_FRAMEWORK_HEADER = YES;
				CLANG_WARN_RANGE_LOOP_ANALYSIS = YES;
				CLANG_WARN_STRICT_PROTOTYPES = YES;
				CLANG_WARN_SUSPICIOUS_MOVE = YES;
				CLANG_WARN_UNGUARDED_AVAILABILITY = YES_AGGRESSIVE;
				CLANG_WARN_UNREACHABLE_CODE = YES;
				CLANG_WARN__DUPLICATE_METHOD_MATCH = YES;
				COPY_PHASE_STRIP = NO;
				DEBUG_INFORMATION_FORMAT = dwarf;
				ENABLE_STRICT_OBJC_MSGSEND = YES;
				ENABLE_TESTABILITY = YES;
				GCC_C_LANGUAGE_STANDARD = gnu11;
				GCC_DYNAMIC_NO_PIC = NO;
				GCC_NO_COMMON_BLOCKS = YES;
				GCC_OPTIMIZATION_LEVEL = 0;
				GCC_PREPROCESSOR_DEFINITIONS = (
					"DEBUG=1",
					"$(inherited)",
				);
				GCC_WARN_64_TO_32_BIT_CONVERSION = YES;
				GCC_WARN_ABOUT_RETURN_TYPE = YES_ERROR;
				GCC_WARN_UNDECLARED_SELECTOR = YES;
				GCC_WARN_UNINITIALIZED_AUTOS = YES_AGGRESSIVE;
				GCC_WARN_UNUSED_FUNCTION = YES;
				GCC_WARN_UNUSED_VARIABLE = YES;
				IPHONEOS_DEPLOYMENT_TARGET = 13.0;
				MTL_ENABLE_DEBUG_INFO = INCLUDE_SOURCE;
				MTL_FAST_MATH = YES;
				ONLY_ACTIVE_ARCH = YES;
				SDKROOT = iphoneos;
				SWIFT_ACTIVE_COMPILATION_CONDITIONS = DEBUG;
				SWIFT_OPTIMIZATION_LEVEL = "-Onone";
			};
			name = Debug;
		};
		868D136A26A207BE00E9E5D0 /* Release */ = {
			isa = XCBuildConfiguration;
			buildSettings = {
				ALWAYS_SEARCH_USER_PATHS = NO;
				CLANG_ANALYZER_NONNULL = YES;
				CLANG_ANALYZER_NUMBER_OBJECT_CONVERSION = YES_AGGRESSIVE;
				CLANG_CXX_LANGUAGE_STANDARD = "gnu++14";
				CLANG_CXX_LIBRARY = "libc++";
				CLANG_ENABLE_MODULES = YES;
				CLANG_ENABLE_OBJC_ARC = YES;
				CLANG_ENABLE_OBJC_WEAK = YES;
				CLANG_WARN_BLOCK_CAPTURE_AUTORELEASING = YES;
				CLANG_WARN_BOOL_CONVERSION = YES;
				CLANG_WARN_COMMA = YES;
				CLANG_WARN_CONSTANT_CONVERSION = YES;
				CLANG_WARN_DEPRECATED_OBJC_IMPLEMENTATIONS = YES;
				CLANG_WARN_DIRECT_OBJC_ISA_USAGE = YES_ERROR;
				CLANG_WARN_DOCUMENTATION_COMMENTS = YES;
				CLANG_WARN_EMPTY_BODY = YES;
				CLANG_WARN_ENUM_CONVERSION = YES;
				CLANG_WARN_INFINITE_RECURSION = YES;
				CLANG_WARN_INT_CONVERSION = YES;
				CLANG_WARN_NON_LITERAL_NULL_CONVERSION = YES;
				CLANG_WARN_OBJC_IMPLICIT_RETAIN_SELF = YES;
				CLANG_WARN_OBJC_LITERAL_CONVERSION = YES;
				CLANG_WARN_OBJC_ROOT_CLASS = YES_ERROR;
				CLANG_WARN_QUOTED_INCLUDE_IN_FRAMEWORK_HEADER = YES;
				CLANG_WARN_RANGE_LOOP_ANALYSIS = YES;
				CLANG_WARN_STRICT_PROTOTYPES = YES;
				CLANG_WARN_SUSPICIOUS_MOVE = YES;
				CLANG_WARN_UNGUARDED_AVAILABILITY = YES_AGGRESSIVE;
				CLANG_WARN_UNREACHABLE_CODE = YES;
				CLANG_WARN__DUPLICATE_METHOD_MATCH = YES;
				COPY_PHASE_STRIP = NO;
				DEBUG_INFORMATION_FORMAT = "dwarf-with-dsym";
				ENABLE_NS_ASSERTIONS = NO;
				ENABLE_STRICT_OBJC_MSGSEND = YES;
				GCC_C_LANGUAGE_STANDARD = gnu11;
				GCC_NO_COMMON_BLOCKS = YES;
				GCC_WARN_64_TO_32_BIT_CONVERSION = YES;
				GCC_WARN_ABOUT_RETURN_TYPE = YES_ERROR;
				GCC_WARN_UNDECLARED_SELECTOR = YES;
				GCC_WARN_UNINITIALIZED_AUTOS = YES_AGGRESSIVE;
				GCC_WARN_UNUSED_FUNCTION = YES;
				GCC_WARN_UNUSED_VARIABLE = YES;
				IPHONEOS_DEPLOYMENT_TARGET = 13.0;
				MTL_ENABLE_DEBUG_INFO = NO;
				MTL_FAST_MATH = YES;
				SDKROOT = iphoneos;
				SWIFT_COMPILATION_MODE = wholemodule;
				SWIFT_OPTIMIZATION_LEVEL = "-O";
				VALIDATE_PRODUCT = YES;
			};
			name = Release;
		};
		868D136C26A207BE00E9E5D0 /* Debug */ = {
			isa = XCBuildConfiguration;
			buildSettings = {
				ASSETCATALOG_COMPILER_APPICON_NAME = AppIcon;
				ASSETCATALOG_COMPILER_GLOBAL_ACCENT_COLOR_NAME = AccentColor;
				CODE_SIGN_STYLE = Automatic;
				DEVELOPMENT_TEAM = L5X28646AN;
				INFOPLIST_FILE = MarvelCodingExercise/Info.plist;
				LD_RUNPATH_SEARCH_PATHS = (
					"$(inherited)",
					"@executable_path/Frameworks",
				);
				PRODUCT_BUNDLE_IDENTIFIER = com.phil.training.MarvelCodingExercise;
				PRODUCT_NAME = "$(TARGET_NAME)";
				SWIFT_VERSION = 5.0;
				TARGETED_DEVICE_FAMILY = 1;
			};
			name = Debug;
		};
		868D136D26A207BE00E9E5D0 /* Release */ = {
			isa = XCBuildConfiguration;
			buildSettings = {
				ASSETCATALOG_COMPILER_APPICON_NAME = AppIcon;
				ASSETCATALOG_COMPILER_GLOBAL_ACCENT_COLOR_NAME = AccentColor;
				CODE_SIGN_STYLE = Automatic;
				DEVELOPMENT_TEAM = L5X28646AN;
				INFOPLIST_FILE = MarvelCodingExercise/Info.plist;
				LD_RUNPATH_SEARCH_PATHS = (
					"$(inherited)",
					"@executable_path/Frameworks",
				);
				PRODUCT_BUNDLE_IDENTIFIER = com.phil.training.MarvelCodingExercise;
				PRODUCT_NAME = "$(TARGET_NAME)";
				SWIFT_VERSION = 5.0;
				TARGETED_DEVICE_FAMILY = 1;
			};
			name = Release;
		};
		868D137D26A2094800E9E5D0 /* Debug */ = {
			isa = XCBuildConfiguration;
			buildSettings = {
				BUNDLE_LOADER = "$(TEST_HOST)";
				CODE_SIGN_STYLE = Automatic;
				DEVELOPMENT_TEAM = L5X28646AN;
				INFOPLIST_FILE = MCETests/Info.plist;
				IPHONEOS_DEPLOYMENT_TARGET = 14.5;
				LD_RUNPATH_SEARCH_PATHS = (
					"$(inherited)",
					"@executable_path/Frameworks",
					"@loader_path/Frameworks",
				);
				PRODUCT_BUNDLE_IDENTIFIER = com.phil.training.MCETests;
				PRODUCT_NAME = "$(TARGET_NAME)";
				SWIFT_VERSION = 5.0;
				TARGETED_DEVICE_FAMILY = "1,2";
				TEST_HOST = "$(BUILT_PRODUCTS_DIR)/MarvelCodingExercise.app/MarvelCodingExercise";
			};
			name = Debug;
		};
		868D137E26A2094800E9E5D0 /* Release */ = {
			isa = XCBuildConfiguration;
			buildSettings = {
				BUNDLE_LOADER = "$(TEST_HOST)";
				CODE_SIGN_STYLE = Automatic;
				DEVELOPMENT_TEAM = L5X28646AN;
				INFOPLIST_FILE = MCETests/Info.plist;
				IPHONEOS_DEPLOYMENT_TARGET = 14.5;
				LD_RUNPATH_SEARCH_PATHS = (
					"$(inherited)",
					"@executable_path/Frameworks",
					"@loader_path/Frameworks",
				);
				PRODUCT_BUNDLE_IDENTIFIER = com.phil.training.MCETests;
				PRODUCT_NAME = "$(TARGET_NAME)";
				SWIFT_VERSION = 5.0;
				TARGETED_DEVICE_FAMILY = "1,2";
				TEST_HOST = "$(BUILT_PRODUCTS_DIR)/MarvelCodingExercise.app/MarvelCodingExercise";
			};
			name = Release;
		};
/* End XCBuildConfiguration section */

/* Begin XCConfigurationList section */
		868D134F26A207BB00E9E5D0 /* Build configuration list for PBXProject "MarvelCodingExercise" */ = {
			isa = XCConfigurationList;
			buildConfigurations = (
				868D136926A207BE00E9E5D0 /* Debug */,
				868D136A26A207BE00E9E5D0 /* Release */,
			);
			defaultConfigurationIsVisible = 0;
			defaultConfigurationName = Release;
		};
		868D136B26A207BE00E9E5D0 /* Build configuration list for PBXNativeTarget "MarvelCodingExercise" */ = {
			isa = XCConfigurationList;
			buildConfigurations = (
				868D136C26A207BE00E9E5D0 /* Debug */,
				868D136D26A207BE00E9E5D0 /* Release */,
			);
			defaultConfigurationIsVisible = 0;
			defaultConfigurationName = Release;
		};
		868D137C26A2094800E9E5D0 /* Build configuration list for PBXNativeTarget "MCETests" */ = {
			isa = XCConfigurationList;
			buildConfigurations = (
				868D137D26A2094800E9E5D0 /* Debug */,
				868D137E26A2094800E9E5D0 /* Release */,
			);
			defaultConfigurationIsVisible = 0;
			defaultConfigurationName = Release;
		};
/* End XCConfigurationList section */

/* Begin XCVersionGroup section */
		868D136026A207BB00E9E5D0 /* Marvel.xcdatamodeld */ = {
			isa = XCVersionGroup;
			children = (
				868D136126A207BB00E9E5D0 /* MarvelCodingExercise.xcdatamodel */,
			);
			currentVersion = 868D136126A207BB00E9E5D0 /* MarvelCodingExercise.xcdatamodel */;
			path = Marvel.xcdatamodeld;
			sourceTree = "<group>";
			versionGroupType = wrapper.xcdatamodel;
		};
/* End XCVersionGroup section */
	};
	rootObject = 868D134C26A207BB00E9E5D0 /* Project object */;
}
